
Microsoft Visual Studio Solution File, Format Version 12.00
# Visual Studio Version 17
VisualStudioVersion = 17.0.31903.59
MinimumVisualStudioVersion = 10.0.40219.1
Project("{2150E333-8FDC-42A3-9474-1A3956D46DE8}") = "src", "src", "{647501EF-4317-4066-8FF3-70D135C59322}"
EndProject
Project("{FAE04EC0-301F-11D3-BF4B-00C04F79EFBC}") = "Runtime", "src\Runtime\Runtime.csproj", "{8EF8945E-2BDB-477D-9C92-312632B4B473}"
EndProject
Project("{FAE04EC0-301F-11D3-BF4B-00C04F79EFBC}") = "Proof", "src\Proof\Proof.csproj", "{594ED3D2-D72B-4146-9B04-C1499A18B5E2}"
EndProject
Project("{FAE04EC0-301F-11D3-BF4B-00C04F79EFBC}") = "Practice", "src\Practice\Practice.csproj", "{22C5E2E4-8FDA-4B7C-841C-ECC63A85BED1}"
EndProject
Global
	GlobalSection(SolutionConfigurationPlatforms) = preSolution
		Debug|Any CPU = Debug|Any CPU
		Release|Any CPU = Release|Any CPU
	EndGlobalSection
	GlobalSection(SolutionProperties) = preSolution
		HideSolutionNode = FALSE
	EndGlobalSection
	GlobalSection(ProjectConfigurationPlatforms) = postSolution
		{8EF8945E-2BDB-477D-9C92-312632B4B473}.Debug|Any CPU.ActiveCfg = Debug|Any CPU
		{8EF8945E-2BDB-477D-9C92-312632B4B473}.Debug|Any CPU.Build.0 = Debug|Any CPU
		{8EF8945E-2BDB-477D-9C92-312632B4B473}.Release|Any CPU.ActiveCfg = Release|Any CPU
		{8EF8945E-2BDB-477D-9C92-312632B4B473}.Release|Any CPU.Build.0 = Release|Any CPU
		{594ED3D2-D72B-4146-9B04-C1499A18B5E2}.Debug|Any CPU.ActiveCfg = Debug|Any CPU
		{594ED3D2-D72B-4146-9B04-C1499A18B5E2}.Debug|Any CPU.Build.0 = Debug|Any CPU
		{594ED3D2-D72B-4146-9B04-C1499A18B5E2}.Release|Any CPU.ActiveCfg = Release|Any CPU
		{594ED3D2-D72B-4146-9B04-C1499A18B5E2}.Release|Any CPU.Build.0 = Release|Any CPU
		{22C5E2E4-8FDA-4B7C-841C-ECC63A85BED1}.Debug|Any CPU.ActiveCfg = Debug|Any CPU
		{22C5E2E4-8FDA-4B7C-841C-ECC63A85BED1}.Debug|Any CPU.Build.0 = Debug|Any CPU
		{22C5E2E4-8FDA-4B7C-841C-ECC63A85BED1}.Release|Any CPU.ActiveCfg = Release|Any CPU
		{22C5E2E4-8FDA-4B7C-841C-ECC63A85BED1}.Release|Any CPU.Build.0 = Release|Any CPU
	EndGlobalSection
	GlobalSection(NestedProjects) = preSolution
		{8EF8945E-2BDB-477D-9C92-312632B4B473} = {647501EF-4317-4066-8FF3-70D135C59322}
		{594ED3D2-D72B-4146-9B04-C1499A18B5E2} = {647501EF-4317-4066-8FF3-70D135C59322}
		{22C5E2E4-8FDA-4B7C-841C-ECC63A85BED1} = {647501EF-4317-4066-8FF3-70D135C59322}
	EndGlobalSection
EndGlobal
